
Microsoft Visual Studio Solution File, Format Version 12.00
# Visual Studio Version 16
VisualStudioVersion = 16.0.31402.337
MinimumVisualStudioVersion = 10.0.40219.1
Project("{FAE04EC0-301F-11D3-BF4B-00C04F79EFBC}") = "Xamarin.Rtsp.Android", "Xamarin.Rtsp\Xamarin.Rtsp.Android\Xamarin.Rtsp.Android.csproj", "{731FF49F-B238-4BB8-97D6-674403D27D44}"
EndProject
Project("{FAE04EC0-301F-11D3-BF4B-00C04F79EFBC}") = "Xamarin.Rtsp.iOS", "Xamarin.Rtsp\Xamarin.Rtsp.iOS\Xamarin.Rtsp.iOS.csproj", "{5CC615EF-806A-4DF6-BA8D-85A267C45C66}"
EndProject
Project("{9A19103F-16F7-4668-BE54-9A1E7A4F7556}") = "Xamarin.Rtsp", "Xamarin.Rtsp\Xamarin.Rtsp\Xamarin.Rtsp.csproj", "{72D01F66-8F76-4A32-832B-3D2BD3D414C3}"
EndProject
Project("{FAE04EC0-301F-11D3-BF4B-00C04F79EFBC}") = "Xamarin.Rtsp.Lib", "Xamarin.Rtsp.Lib\Xamarin.Rtsp.Lib.csproj", "{30390B73-2D3A-4060-B296-EBE9EC7DF096}"
EndProject
Global
	GlobalSection(SolutionConfigurationPlatforms) = preSolution
		Debug|Any CPU = Debug|Any CPU
		Debug|iPhone = Debug|iPhone
		Debug|iPhoneSimulator = Debug|iPhoneSimulator
		Release|Any CPU = Release|Any CPU
		Release|iPhone = Release|iPhone
		Release|iPhoneSimulator = Release|iPhoneSimulator
	EndGlobalSection
	GlobalSection(ProjectConfigurationPlatforms) = postSolution
		{731FF49F-B238-4BB8-97D6-674403D27D44}.Debug|Any CPU.ActiveCfg = Debug|Any CPU
		{731FF49F-B238-4BB8-97D6-674403D27D44}.Debug|Any CPU.Build.0 = Debug|Any CPU
		{731FF49F-B238-4BB8-97D6-674403D27D44}.Debug|Any CPU.Deploy.0 = Debug|Any CPU
		{731FF49F-B238-4BB8-97D6-674403D27D44}.Debug|iPhone.ActiveCfg = Debug|Any CPU
		{731FF49F-B238-4BB8-97D6-674403D27D44}.Debug|iPhone.Build.0 = Debug|Any CPU
		{731FF49F-B238-4BB8-97D6-674403D27D44}.Debug|iPhone.Deploy.0 = Debug|Any CPU
		{731FF49F-B238-4BB8-97D6-674403D27D44}.Debug|iPhoneSimulator.ActiveCfg = Debug|Any CPU
		{731FF49F-B238-4BB8-97D6-674403D27D44}.Debug|iPhoneSimulator.Build.0 = Debug|Any CPU
		{731FF49F-B238-4BB8-97D6-674403D27D44}.Debug|iPhoneSimulator.Deploy.0 = Debug|Any CPU
		{731FF49F-B238-4BB8-97D6-674403D27D44}.Release|Any CPU.ActiveCfg = Release|Any CPU
		{731FF49F-B238-4BB8-97D6-674403D27D44}.Release|Any CPU.Build.0 = Release|Any CPU
		{731FF49F-B238-4BB8-97D6-674403D27D44}.Release|Any CPU.Deploy.0 = Release|Any CPU
		{731FF49F-B238-4BB8-97D6-674403D27D44}.Release|iPhone.ActiveCfg = Release|Any CPU
		{731FF49F-B238-4BB8-97D6-674403D27D44}.Release|iPhone.Build.0 = Release|Any CPU
		{731FF49F-B238-4BB8-97D6-674403D27D44}.Release|iPhone.Deploy.0 = Release|Any CPU
		{731FF49F-B238-4BB8-97D6-674403D27D44}.Release|iPhoneSimulator.ActiveCfg = Release|Any CPU
		{731FF49F-B238-4BB8-97D6-674403D27D44}.Release|iPhoneSimulator.Build.0 = Release|Any CPU
		{731FF49F-B238-4BB8-97D6-674403D27D44}.Release|iPhoneSimulator.Deploy.0 = Release|Any CPU
		{5CC615EF-806A-4DF6-BA8D-85A267C45C66}.Debug|Any CPU.ActiveCfg = Debug|iPhone
		{5CC615EF-806A-4DF6-BA8D-85A267C45C66}.Debug|Any CPU.Build.0 = Debug|iPhone
		{5CC615EF-806A-4DF6-BA8D-85A267C45C66}.Debug|Any CPU.Deploy.0 = Debug|iPhone
		{5CC615EF-806A-4DF6-BA8D-85A267C45C66}.Debug|iPhone.ActiveCfg = Debug|iPhone
		{5CC615EF-806A-4DF6-BA8D-85A267C45C66}.Debug|iPhone.Build.0 = Debug|iPhone
		{5CC615EF-806A-4DF6-BA8D-85A267C45C66}.Debug|iPhone.Deploy.0 = Debug|iPhone
		{5CC615EF-806A-4DF6-BA8D-85A267C45C66}.Debug|iPhoneSimulator.ActiveCfg = Debug|iPhoneSimulator
		{5CC615EF-806A-4DF6-BA8D-85A267C45C66}.Debug|iPhoneSimulator.Build.0 = Debug|iPhoneSimulator
		{5CC615EF-806A-4DF6-BA8D-85A267C45C66}.Debug|iPhoneSimulator.Deploy.0 = Debug|iPhoneSimulator
		{5CC615EF-806A-4DF6-BA8D-85A267C45C66}.Release|Any CPU.ActiveCfg = Release|iPhoneSimulator
		{5CC615EF-806A-4DF6-BA8D-85A267C45C66}.Release|Any CPU.Build.0 = Release|iPhoneSimulator
		{5CC615EF-806A-4DF6-BA8D-85A267C45C66}.Release|Any CPU.Deploy.0 = Release|iPhoneSimulator
		{5CC615EF-806A-4DF6-BA8D-85A267C45C66}.Release|iPhone.ActiveCfg = Release|iPhone
		{5CC615EF-806A-4DF6-BA8D-85A267C45C66}.Release|iPhone.Build.0 = Release|iPhone
		{5CC615EF-806A-4DF6-BA8D-85A267C45C66}.Release|iPhone.Deploy.0 = Release|iPhone
		{5CC615EF-806A-4DF6-BA8D-85A267C45C66}.Release|iPhoneSimulator.ActiveCfg = Release|iPhoneSimulator
		{5CC615EF-806A-4DF6-BA8D-85A267C45C66}.Release|iPhoneSimulator.Build.0 = Release|iPhoneSimulator
		{5CC615EF-806A-4DF6-BA8D-85A267C45C66}.Release|iPhoneSimulator.Deploy.0 = Release|iPhoneSimulator
		{72D01F66-8F76-4A32-832B-3D2BD3D414C3}.Debug|Any CPU.ActiveCfg = Debug|Any CPU
		{72D01F66-8F76-4A32-832B-3D2BD3D414C3}.Debug|Any CPU.Build.0 = Debug|Any CPU
		{72D01F66-8F76-4A32-832B-3D2BD3D414C3}.Debug|Any CPU.Deploy.0 = Debug|Any CPU
		{72D01F66-8F76-4A32-832B-3D2BD3D414C3}.Debug|iPhone.ActiveCfg = Debug|Any CPU
		{72D01F66-8F76-4A32-832B-3D2BD3D414C3}.Debug|iPhone.Build.0 = Debug|Any CPU
		{72D01F66-8F76-4A32-832B-3D2BD3D414C3}.Debug|iPhone.Deploy.0 = Debug|Any CPU
		{72D01F66-8F76-4A32-832B-3D2BD3D414C3}.Debug|iPhoneSimulator.ActiveCfg = Debug|Any CPU
		{72D01F66-8F76-4A32-832B-3D2BD3D414C3}.Debug|iPhoneSimulator.Build.0 = Debug|Any CPU
		{72D01F66-8F76-4A32-832B-3D2BD3D414C3}.Debug|iPhoneSimulator.Deploy.0 = Debug|Any CPU
		{72D01F66-8F76-4A32-832B-3D2BD3D414C3}.Release|Any CPU.ActiveCfg = Release|Any CPU
		{72D01F66-8F76-4A32-832B-3D2BD3D414C3}.Release|Any CPU.Build.0 = Release|Any CPU
		{72D01F66-8F76-4A32-832B-3D2BD3D414C3}.Release|Any CPU.Deploy.0 = Release|Any CPU
		{72D01F66-8F76-4A32-832B-3D2BD3D414C3}.Release|iPhone.ActiveCfg = Release|Any CPU
		{72D01F66-8F76-4A32-832B-3D2BD3D414C3}.Release|iPhone.Build.0 = Release|Any CPU
		{72D01F66-8F76-4A32-832B-3D2BD3D414C3}.Release|iPhone.Deploy.0 = Release|Any CPU
		{72D01F66-8F76-4A32-832B-3D2BD3D414C3}.Release|iPhoneSimulator.ActiveCfg = Release|Any CPU
		{72D01F66-8F76-4A32-832B-3D2BD3D414C3}.Release|iPhoneSimulator.Build.0 = Release|Any CPU
		{72D01F66-8F76-4A32-832B-3D2BD3D414C3}.Release|iPhoneSimulator.Deploy.0 = Release|Any CPU
		{30390B73-2D3A-4060-B296-EBE9EC7DF096}.Debug|Any CPU.ActiveCfg = Debug|Any CPU
		{30390B73-2D3A-4060-B296-EBE9EC7DF096}.Debug|Any CPU.Build.0 = Debug|Any CPU
		{30390B73-2D3A-4060-B296-EBE9EC7DF096}.Debug|iPhone.ActiveCfg = Debug|Any CPU
		{30390B73-2D3A-4060-B296-EBE9EC7DF096}.Debug|iPhone.Build.0 = Debug|Any CPU
		{30390B73-2D3A-4060-B296-EBE9EC7DF096}.Debug|iPhoneSimulator.ActiveCfg = Debug|Any CPU
		{30390B73-2D3A-4060-B296-EBE9EC7DF096}.Debug|iPhoneSimulator.Build.0 = Debug|Any CPU
		{30390B73-2D3A-4060-B296-EBE9EC7DF096}.Release|Any CPU.ActiveCfg = Release|Any CPU
		{30390B73-2D3A-4060-B296-EBE9EC7DF096}.Release|Any CPU.Build.0 = Release|Any CPU
		{30390B73-2D3A-4060-B296-EBE9EC7DF096}.Release|iPhone.ActiveCfg = Release|Any CPU
		{30390B73-2D3A-4060-B296-EBE9EC7DF096}.Release|iPhone.Build.0 = Release|Any CPU
		{30390B73-2D3A-4060-B296-EBE9EC7DF096}.Release|iPhoneSimulator.ActiveCfg = Release|Any CPU
		{30390B73-2D3A-4060-B296-EBE9EC7DF096}.Release|iPhoneSimulator.Build.0 = Release|Any CPU
	EndGlobalSection
	GlobalSection(SolutionProperties) = preSolution
		HideSolutionNode = FALSE
	EndGlobalSection
	GlobalSection(ExtensibilityGlobals) = postSolution
		SolutionGuid = {907D7CA1-E528-46EC-9341-942D2EA54AAE}
	EndGlobalSection
EndGlobal
